
Microsoft Visual Studio Solution File, Format Version 12.00
# Visual Studio Version 17
VisualStudioVersion = 17.0.31919.166
MinimumVisualStudioVersion = 10.0.40219.1
Project("{FAE04EC0-301F-11D3-BF4B-00C04F79EFBC}") = "saidaDeFunção", "saidaDeFunção\saidaDeFunção.csproj", "{A88EBB42-11FE-4A98-86F6-E954A8FBD7AF}"
EndProject
Global
	GlobalSection(SolutionConfigurationPlatforms) = preSolution
		Debug|Any CPU = Debug|Any CPU
		Release|Any CPU = Release|Any CPU
	EndGlobalSection
	GlobalSection(ProjectConfigurationPlatforms) = postSolution
		{A88EBB42-11FE-4A98-86F6-E954A8FBD7AF}.Debug|Any CPU.ActiveCfg = Debug|Any CPU
		{A88EBB42-11FE-4A98-86F6-E954A8FBD7AF}.Debug|Any CPU.Build.0 = Debug|Any CPU
		{A88EBB42-11FE-4A98-86F6-E954A8FBD7AF}.Release|Any CPU.ActiveCfg = Release|Any CPU
		{A88EBB42-11FE-4A98-86F6-E954A8FBD7AF}.Release|Any CPU.Build.0 = Release|Any CPU
	EndGlobalSection
	GlobalSection(SolutionProperties) = preSolution
		HideSolutionNode = FALSE
	EndGlobalSection
	GlobalSection(ExtensibilityGlobals) = postSolution
		SolutionGuid = {7DAB6E35-A0D3-4AA4-830D-AD445EF8F09F}
	EndGlobalSection
EndGlobal
